
Microsoft Visual Studio Solution File, Format Version 12.00
# Visual Studio 15
VisualStudioVersion = 15.0.26403.7
MinimumVisualStudioVersion = 10.0.40219.1
Project("{FAE04EC0-301F-11D3-BF4B-00C04F79EFBC}") = "FoxBattletechPatcher", "FoxBattletechPatcher\FoxBattletechPatcher.csproj", "{A7EB1B16-AF5A-4E28-978A-89A6F0A145C3}"
EndProject
Project("{54435603-DBB4-11D2-8724-00A0C9A8B90C}") = "Installer", "Installer\Installer.vdproj", "{04936C2E-94AC-4E11-B077-AFDE66E1AB2A}"
EndProject
Global
	GlobalSection(SolutionConfigurationPlatforms) = preSolution
		Debug|Any CPU = Debug|Any CPU
		Release|Any CPU = Release|Any CPU
	EndGlobalSection
	GlobalSection(ProjectConfigurationPlatforms) = postSolution
		{A7EB1B16-AF5A-4E28-978A-89A6F0A145C3}.Debug|Any CPU.ActiveCfg = Debug|Any CPU
		{A7EB1B16-AF5A-4E28-978A-89A6F0A145C3}.Debug|Any CPU.Build.0 = Debug|Any CPU
		{A7EB1B16-AF5A-4E28-978A-89A6F0A145C3}.Release|Any CPU.ActiveCfg = Release|Any CPU
		{A7EB1B16-AF5A-4E28-978A-89A6F0A145C3}.Release|Any CPU.Build.0 = Release|Any CPU
		{04936C2E-94AC-4E11-B077-AFDE66E1AB2A}.Debug|Any CPU.ActiveCfg = Debug
		{04936C2E-94AC-4E11-B077-AFDE66E1AB2A}.Release|Any CPU.ActiveCfg = Release
		{04936C2E-94AC-4E11-B077-AFDE66E1AB2A}.Release|Any CPU.Build.0 = Release
	EndGlobalSection
	GlobalSection(SolutionProperties) = preSolution
		HideSolutionNode = FALSE
	EndGlobalSection
EndGlobal
